
Microsoft Visual Studio Solution File, Format Version 12.00
# Visual Studio Version 17
VisualStudioVersion = 17.2.32616.157
MinimumVisualStudioVersion = 10.0.40219.1
Project("{9A19103F-16F7-4668-BE54-9A1E7A4F7556}") = "builder", "builder.csproj", "{A58D6F06-2673-4DD0-BDBA-EBD058D660F1}"
EndProject
Global
	GlobalSection(SolutionConfigurationPlatforms) = preSolution
		Debug|Any CPU = Debug|Any CPU
		Release|Any CPU = Release|Any CPU
	EndGlobalSection
	GlobalSection(ProjectConfigurationPlatforms) = postSolution
		{A58D6F06-2673-4DD0-BDBA-EBD058D660F1}.Debug|Any CPU.ActiveCfg = Debug|Any CPU
		{A58D6F06-2673-4DD0-BDBA-EBD058D660F1}.Debug|Any CPU.Build.0 = Debug|Any CPU
		{A58D6F06-2673-4DD0-BDBA-EBD058D660F1}.Release|Any CPU.ActiveCfg = Release|Any CPU
		{A58D6F06-2673-4DD0-BDBA-EBD058D660F1}.Release|Any CPU.Build.0 = Release|Any CPU
	EndGlobalSection
	GlobalSection(SolutionProperties) = preSolution
		HideSolutionNode = FALSE
	EndGlobalSection
	GlobalSection(ExtensibilityGlobals) = postSolution
		SolutionGuid = {4F157F4F-EFF6-4DA8-9005-9BAC93001FD1}
	EndGlobalSection
EndGlobal
